
Microsoft Visual Studio Solution File, Format Version 12.00
# Visual Studio Version 16
VisualStudioVersion = 16.0.33529.622
MinimumVisualStudioVersion = 10.0.40219.1
Project("{FAE04EC0-301F-11D3-BF4B-00C04F79EFBC}") = "Lab4Ex", "Lab4Ex\Lab4Ex.csproj", "{23741B0E-58B9-4A44-8C5F-A7091E785A9C}"
EndProject
Global
	GlobalSection(SolutionConfigurationPlatforms) = preSolution
		Debug|Any CPU = Debug|Any CPU
		Release|Any CPU = Release|Any CPU
	EndGlobalSection
	GlobalSection(ProjectConfigurationPlatforms) = postSolution
		{23741B0E-58B9-4A44-8C5F-A7091E785A9C}.Debug|Any CPU.ActiveCfg = Debug|Any CPU
		{23741B0E-58B9-4A44-8C5F-A7091E785A9C}.Debug|Any CPU.Build.0 = Debug|Any CPU
		{23741B0E-58B9-4A44-8C5F-A7091E785A9C}.Release|Any CPU.ActiveCfg = Release|Any CPU
		{23741B0E-58B9-4A44-8C5F-A7091E785A9C}.Release|Any CPU.Build.0 = Release|Any CPU
	EndGlobalSection
	GlobalSection(SolutionProperties) = preSolution
		HideSolutionNode = FALSE
	EndGlobalSection
	GlobalSection(ExtensibilityGlobals) = postSolution
		SolutionGuid = {E9E2A0B1-A72F-43D7-9B78-92691CC429A2}
	EndGlobalSection
EndGlobal
